
Microsoft Visual Studio Solution File, Format Version 12.00
# Visual Studio Version 16
VisualStudioVersion = 16.0.30907.101
MinimumVisualStudioVersion = 10.0.40219.1
Project("{FAE04EC0-301F-11D3-BF4B-00C04F79EFBC}") = "DataAccess", "DataAccess\DataAccess.csproj", "{83E86F60-262A-41CE-80D0-1256F9035828}"
EndProject
Project("{FAE04EC0-301F-11D3-BF4B-00C04F79EFBC}") = "Business", "Business\Business.csproj", "{73D2659F-8579-4F55-8ABB-2CA9BEB2F101}"
EndProject
Project("{FAE04EC0-301F-11D3-BF4B-00C04F79EFBC}") = "Entities", "Entities\Entities.csproj", "{784AAEE1-1F29-4DDF-A503-B37E2D2CE14E}"
EndProject
Project("{FAE04EC0-301F-11D3-BF4B-00C04F79EFBC}") = "ConsoleUI", "ConsoleUI\ConsoleUI.csproj", "{835A1502-E654-4B37-A3E3-A079611883EE}"
EndProject
Global
	GlobalSection(SolutionConfigurationPlatforms) = preSolution
		Debug|Any CPU = Debug|Any CPU
		Release|Any CPU = Release|Any CPU
	EndGlobalSection
	GlobalSection(ProjectConfigurationPlatforms) = postSolution
		{83E86F60-262A-41CE-80D0-1256F9035828}.Debug|Any CPU.ActiveCfg = Debug|Any CPU
		{83E86F60-262A-41CE-80D0-1256F9035828}.Debug|Any CPU.Build.0 = Debug|Any CPU
		{83E86F60-262A-41CE-80D0-1256F9035828}.Release|Any CPU.ActiveCfg = Release|Any CPU
		{83E86F60-262A-41CE-80D0-1256F9035828}.Release|Any CPU.Build.0 = Release|Any CPU
		{73D2659F-8579-4F55-8ABB-2CA9BEB2F101}.Debug|Any CPU.ActiveCfg = Debug|Any CPU
		{73D2659F-8579-4F55-8ABB-2CA9BEB2F101}.Debug|Any CPU.Build.0 = Debug|Any CPU
		{73D2659F-8579-4F55-8ABB-2CA9BEB2F101}.Release|Any CPU.ActiveCfg = Release|Any CPU
		{73D2659F-8579-4F55-8ABB-2CA9BEB2F101}.Release|Any CPU.Build.0 = Release|Any CPU
		{784AAEE1-1F29-4DDF-A503-B37E2D2CE14E}.Debug|Any CPU.ActiveCfg = Debug|Any CPU
		{784AAEE1-1F29-4DDF-A503-B37E2D2CE14E}.Debug|Any CPU.Build.0 = Debug|Any CPU
		{784AAEE1-1F29-4DDF-A503-B37E2D2CE14E}.Release|Any CPU.ActiveCfg = Release|Any CPU
		{784AAEE1-1F29-4DDF-A503-B37E2D2CE14E}.Release|Any CPU.Build.0 = Release|Any CPU
		{835A1502-E654-4B37-A3E3-A079611883EE}.Debug|Any CPU.ActiveCfg = Debug|Any CPU
		{835A1502-E654-4B37-A3E3-A079611883EE}.Debug|Any CPU.Build.0 = Debug|Any CPU
		{835A1502-E654-4B37-A3E3-A079611883EE}.Release|Any CPU.ActiveCfg = Release|Any CPU
		{835A1502-E654-4B37-A3E3-A079611883EE}.Release|Any CPU.Build.0 = Release|Any CPU
	EndGlobalSection
	GlobalSection(SolutionProperties) = preSolution
		HideSolutionNode = FALSE
	EndGlobalSection
	GlobalSection(ExtensibilityGlobals) = postSolution
		SolutionGuid = {9E9E47AF-5B92-45FD-8C14-8DCA9049FE65}
	EndGlobalSection
EndGlobal
